Microsoft Visual Studio Solution File, Format Version 11.00
# Visual Studio 2008

Project("{C4C83B1B-1D21-CB1E-555E-8B5569C8970A}") = "Spwan Enemy", "Assembly-CSharp.csproj", "{0239BEB2-C65C-1066-658F-A5DF6083A7CA}"
EndProject
Global
	GlobalSection(SolutionConfigurationPlatforms) = preSolution
		Debug|Any CPU = Debug|Any CPU
		Release|Any CPU = Release|Any CPU
	EndGlobalSection
	GlobalSection(ProjectConfigurationPlatforms) = postSolution
		{0239BEB2-C65C-1066-658F-A5DF6083A7CA}.Debug|Any CPU.ActiveCfg = Debug|Any CPU
		{0239BEB2-C65C-1066-658F-A5DF6083A7CA}.Debug|Any CPU.Build.0 = Debug|Any CPU
		{0239BEB2-C65C-1066-658F-A5DF6083A7CA}.Release|Any CPU.ActiveCfg = Release|Any CPU
		{0239BEB2-C65C-1066-658F-A5DF6083A7CA}.Release|Any CPU.Build.0 = Release|Any CPU
	EndGlobalSection
	GlobalSection(SolutionProperties) = preSolution
		HideSolutionNode = FALSE
	EndGlobalSection
	GlobalSection(MonoDevelopProperties) = preSolution
		StartupItem = Assembly-CSharp.csproj
	EndGlobalSection
EndGlobal
